// !$*UTF8*$!
{
	archiveVersion = 1;
	classes = {
	};
	objectVersion = 56;
	objects = {

/* Begin PBXBuildFile section */
		956E091229FD0D3700133553 /* AdventurePropertyStoreApp.swift in Sources */ = {isa = PBXBuildFile; fileRef = 956E091129FD0D3700133553 /* AdventurePropertyStoreApp.swift */; };
		956E091429FD0D3700133553 /* Persistence.swift in Sources */ = {isa = PBXBuildFile; fileRef = 956E091329FD0D3700133553 /* Persistence.swift */; };
		956E091729FD0D3700133553 /* AdventurePropertyStore.xcdatamodeld in Sources */ = {isa = PBXBuildFile; fileRef = 956E091529FD0D3700133553 /* AdventurePropertyStore.xcdatamodeld */; };
		956E091929FD0D3700133553 /* ContentView.swift in Sources */ = {isa = PBXBuildFile; fileRef = 956E091829FD0D3700133553 /* ContentView.swift */; };
		956E091B29FD0D3800133553 /* Assets.xcassets in Resources */ = {isa = PBXBuildFile; fileRef = 956E091A29FD0D3800133553 /* Assets.xcassets */; };
		956E091F29FD0D3800133553 /* Preview Assets.xcassets in Resources */ = {isa = PBXBuildFile; fileRef = 956E091E29FD0D3800133553 /* Preview Assets.xcassets */; };
		956E093329FD0D3800133553 /* AdventurePropertyStoreUITests.swift in Sources */ = {isa = PBXBuildFile; fileRef = 956E093229FD0D3800133553 /* AdventurePropertyStoreUITests.swift */; };
		956E093529FD0D3800133553 /* AdventurePropertyStoreUITestsLaunchTests.swift in Sources */ = {isa = PBXBuildFile; fileRef = 956E093429FD0D3800133553 /* AdventurePropertyStoreUITestsLaunchTests.swift */; };
		956E094229FD0D7300133553 /* PropertyStore.swift in Sources */ = {isa = PBXBuildFile; fileRef = 956E094129FD0D7300133553 /* PropertyStore.swift */; };
		956E094629FD109800133553 /* GameEntity.swift in Sources */ = {isa = PBXBuildFile; fileRef = 956E094529FD109800133553 /* GameEntity.swift */; };
		956E094729FD28E200133553 /* GameEntity.swift in Sources */ = {isa = PBXBuildFile; fileRef = 956E094529FD109800133553 /* GameEntity.swift */; };
		956E094829FD28E600133553 /* PropertyStore.swift in Sources */ = {isa = PBXBuildFile; fileRef = 956E094129FD0D7300133553 /* PropertyStore.swift */; };
		956E094B29FD3B7100133553 /* PropertyStoreTest.swift in Sources */ = {isa = PBXBuildFile; fileRef = 956E094A29FD3B7100133553 /* PropertyStoreTest.swift */; };
		956E094D29FD427900133553 /* Description.swift in Sources */ = {isa = PBXBuildFile; fileRef = 956E094C29FD427900133553 /* Description.swift */; };
		956E094F29FF91ED00133553 /* Conditions.swift in Sources */ = {isa = PBXBuildFile; fileRef = 956E094E29FF91ED00133553 /* Conditions.swift */; };
		956E095129FF923100133553 /* ConditionsTest.swift in Sources */ = {isa = PBXBuildFile; fileRef = 956E095029FF923100133553 /* ConditionsTest.swift */; };
		956E095229FF929600133553 /* Conditions.swift in Sources */ = {isa = PBXBuildFile; fileRef = 956E094E29FF91ED00133553 /* Conditions.swift */; };
		956E095429FF960600133553 /* DescriptionTest.swift in Sources */ = {isa = PBXBuildFile; fileRef = 956E095329FF960600133553 /* DescriptionTest.swift */; };
		956E095529FF964200133553 /* Description.swift in Sources */ = {isa = PBXBuildFile; fileRef = 956E094C29FD427900133553 /* Description.swift */; };
		95FEBF0F2A0F70AE00303C67 /* File.swift in Sources */ = {isa = PBXBuildFile; fileRef = 95FEBF0E2A0F70AE00303C67 /* File.swift */; };
/* End PBXBuildFile section */

/* Begin PBXContainerItemProxy section */
		956E092529FD0D3800133553 /* PBXContainerItemProxy */ = {
			isa = PBXContainerItemProxy;
			containerPortal = 956E090629FD0D3700133553 /* Project object */;
			proxyType = 1;
			remoteGlobalIDString = 956E090D29FD0D3700133553;
			remoteInfo = AdventurePropertyStore;
		};
		956E092F29FD0D3800133553 /* PBXContainerItemProxy */ = {
			isa = PBXContainerItemProxy;
			containerPortal = 956E090629FD0D3700133553 /* Project object */;
			proxyType = 1;
			remoteGlobalIDString = 956E090D29FD0D3700133553;
			remoteInfo = AdventurePropertyStore;
		};
/* End PBXContainerItemProxy section */

/* Begin PBXFileReference section */
		956E090E29FD0D3700133553 /* AdventurePropertyStore.app */ = {isa = PBXFileReference; explicitFileType = wrapper.application; includeInIndex = 0; path = AdventurePropertyStore.app; sourceTree = BUILT_PRODUCTS_DIR; };
		956E091129FD0D3700133553 /* AdventurePropertyStoreApp.swift */ = {isa = PBXFileReference; lastKnownFileType = sourcecode.swift; path = AdventurePropertyStoreApp.swift; sourceTree = "<group>"; };
		956E091329FD0D3700133553 /* Persistence.swift */ = {isa = PBXFileReference; lastKnownFileType = sourcecode.swift; path = Persistence.swift; sourceTree = "<group>"; };
		956E091629FD0D3700133553 /* AdventurePropertyStore.xcdatamodel */ = {isa = PBXFileReference; lastKnownFileType = wrapper.xcdatamodel; path = AdventurePropertyStore.xcdatamodel; sourceTree = "<group>"; };
		956E091829FD0D3700133553 /* ContentView.swift */ = {isa = PBXFileReference; lastKnownFileType = sourcecode.swift; path = ContentView.swift; sourceTree = "<group>"; };
		956E091A29FD0D3800133553 /* Assets.xcassets */ = {isa = PBXFileReference; lastKnownFileType = folder.assetcatalog; path = Assets.xcassets; sourceTree = "<group>"; };
		956E091C29FD0D3800133553 /* AdventurePropertyStore.entitlements */ = {isa = PBXFileReference; lastKnownFileType = text.plist.entitlements; path = AdventurePropertyStore.entitlements; sourceTree = "<group>"; };
		956E091E29FD0D3800133553 /* Preview Assets.xcassets */ = {isa = PBXFileReference; lastKnownFileType = folder.assetcatalog; path = "Preview Assets.xcassets"; sourceTree = "<group>"; };
		956E092429FD0D3800133553 /* AdventurePropertyStoreTests.xctest */ = {isa = PBXFileReference; explicitFileType = wrapper.cfbundle; includeInIndex = 0; path = AdventurePropertyStoreTests.xctest; sourceTree = BUILT_PRODUCTS_DIR; };
		956E092E29FD0D3800133553 /* AdventurePropertyStoreUITests.xctest */ = {isa = PBXFileReference; explicitFileType = wrapper.cfbundle; includeInIndex = 0; path = AdventurePropertyStoreUITests.xctest; sourceTree = BUILT_PRODUCTS_DIR; };
		956E093229FD0D3800133553 /* AdventurePropertyStoreUITests.swift */ = {isa = PBXFileReference; lastKnownFileType = sourcecode.swift; path = AdventurePropertyStoreUITests.swift; sourceTree = "<group>"; };
		956E093429FD0D3800133553 /* AdventurePropertyStoreUITestsLaunchTests.swift */ = {isa = PBXFileReference; lastKnownFileType = sourcecode.swift; path = AdventurePropertyStoreUITestsLaunchTests.swift; sourceTree = "<group>"; };
		956E094129FD0D7300133553 /* PropertyStore.swift */ = {isa = PBXFileReference; lastKnownFileType = sourcecode.swift; path = PropertyStore.swift; sourceTree = "<group>"; };
		956E094529FD109800133553 /* GameEntity.swift */ = {isa = PBXFileReference; lastKnownFileType = sourcecode.swift; path = GameEntity.swift; sourceTree = "<group>"; };
		956E094A29FD3B7100133553 /* PropertyStoreTest.swift */ = {isa = PBXFileReference; lastKnownFileType = sourcecode.swift; path = PropertyStoreTest.swift; sourceTree = "<group>"; };
		956E094C29FD427900133553 /* Description.swift */ = {isa = PBXFileReference; lastKnownFileType = sourcecode.swift; path = Description.swift; sourceTree = "<group>"; };
		956E094E29FF91ED00133553 /* Conditions.swift */ = {isa = PBXFileReference; lastKnownFileType = sourcecode.swift; path = Conditions.swift; sourceTree = "<group>"; };
		956E095029FF923100133553 /* ConditionsTest.swift */ = {isa = PBXFileReference; lastKnownFileType = sourcecode.swift; path = ConditionsTest.swift; sourceTree = "<group>"; };
		956E095329FF960600133553 /* DescriptionTest.swift */ = {isa = PBXFileReference; lastKnownFileType = sourcecode.swift; path = DescriptionTest.swift; sourceTree = "<group>"; };
		95FEBF0E2A0F70AE00303C67 /* File.swift */ = {isa = PBXFileReference; lastKnownFileType = sourcecode.swift; path = File.swift; sourceTree = "<group>"; };
/* End PBXFileReference section */

/* Begin PBXFrameworksBuildPhase section */
		956E090B29FD0D3700133553 /* Frameworks */ = {
			isa = PBXFrameworksBuildPhase;
			buildActionMask = 2147483647;
			files = (
			);
			runOnlyForDeploymentPostprocessing = 0;
		};
		956E092129FD0D3800133553 /* Frameworks */ = {
			isa = PBXFrameworksBuildPhase;
			buildActionMask = 2147483647;
			files = (
			);
			runOnlyForDeploymentPostprocessing = 0;
		};
		956E092B29FD0D3800133553 /* Frameworks */ = {
			isa = PBXFrameworksBuildPhase;
			buildActionMask = 2147483647;
			files = (
			);
			runOnlyForDeploymentPostprocessing = 0;
		};
/* End PBXFrameworksBuildPhase section */

/* Begin PBXGroup section */
		956E090529FD0D3700133553 = {
			isa = PBXGroup;
			children = (
				956E091029FD0D3700133553 /* AdventurePropertyStore */,
				956E092729FD0D3800133553 /* AdventurePropertyStoreTests */,
				956E093129FD0D3800133553 /* AdventurePropertyStoreUITests */,
				956E090F29FD0D3700133553 /* Products */,
			);
			sourceTree = "<group>";
		};
		956E090F29FD0D3700133553 /* Products */ = {
			isa = PBXGroup;
			children = (
				956E090E29FD0D3700133553 /* AdventurePropertyStore.app */,
				956E092429FD0D3800133553 /* AdventurePropertyStoreTests.xctest */,
				956E092E29FD0D3800133553 /* AdventurePropertyStoreUITests.xctest */,
			);
			name = Products;
			sourceTree = "<group>";
		};
		956E091029FD0D3700133553 /* AdventurePropertyStore */ = {
			isa = PBXGroup;
			children = (
				956E091129FD0D3700133553 /* AdventurePropertyStoreApp.swift */,
				956E091329FD0D3700133553 /* Persistence.swift */,
				956E091829FD0D3700133553 /* ContentView.swift */,
				956E091A29FD0D3800133553 /* Assets.xcassets */,
				956E091C29FD0D3800133553 /* AdventurePropertyStore.entitlements */,
				956E091529FD0D3700133553 /* AdventurePropertyStore.xcdatamodeld */,
				956E091D29FD0D3800133553 /* Preview Content */,
				956E094529FD109800133553 /* GameEntity.swift */,
				956E094E29FF91ED00133553 /* Conditions.swift */,
				956E094C29FD427900133553 /* Description.swift */,
				956E094129FD0D7300133553 /* PropertyStore.swift */,
			);
			path = AdventurePropertyStore;
			sourceTree = "<group>";
		};
		956E091D29FD0D3800133553 /* Preview Content */ = {
			isa = PBXGroup;
			children = (
				956E091E29FD0D3800133553 /* Preview Assets.xcassets */,
			);
			path = "Preview Content";
			sourceTree = "<group>";
		};
		956E092729FD0D3800133553 /* AdventurePropertyStoreTests */ = {
			isa = PBXGroup;
			children = (
				956E094A29FD3B7100133553 /* PropertyStoreTest.swift */,
				956E095029FF923100133553 /* ConditionsTest.swift */,
				956E095329FF960600133553 /* DescriptionTest.swift */,
				95FEBF0E2A0F70AE00303C67 /* File.swift */,
			);
			path = AdventurePropertyStoreTests;
			sourceTree = "<group>";
		};
		956E093129FD0D3800133553 /* AdventurePropertyStoreUITests */ = {
			isa = PBXGroup;
			children = (
				956E093229FD0D3800133553 /* AdventurePropertyStoreUITests.swift */,
				956E093429FD0D3800133553 /* AdventurePropertyStoreUITestsLaunchTests.swift */,
			);
			path = AdventurePropertyStoreUITests;
			sourceTree = "<group>";
		};
/* End PBXGroup section */

/* Begin PBXNativeTarget section */
		956E090D29FD0D3700133553 /* AdventurePropertyStore */ = {
			isa = PBXNativeTarget;
			buildConfigurationList = 956E093829FD0D3800133553 /* Build configuration list for PBXNativeTarget "AdventurePropertyStore" */;
			buildPhases = (
				956E090A29FD0D3700133553 /* Sources */,
				956E090B29FD0D3700133553 /* Frameworks */,
				956E090C29FD0D3700133553 /* Resources */,
			);
			buildRules = (
			);
			dependencies = (
			);
			name = AdventurePropertyStore;
			productName = AdventurePropertyStore;
			productReference = 956E090E29FD0D3700133553 /* AdventurePropertyStore.app */;
			productType = "com.apple.product-type.application";
		};
		956E092329FD0D3800133553 /* AdventurePropertyStoreTests */ = {
			isa = PBXNativeTarget;
			buildConfigurationList = 956E093B29FD0D3800133553 /* Build configuration list for PBXNativeTarget "AdventurePropertyStoreTests" */;
			buildPhases = (
				956E092029FD0D3800133553 /* Sources */,
				956E092129FD0D3800133553 /* Frameworks */,
				956E092229FD0D3800133553 /* Resources */,
			);
			buildRules = (
			);
			dependencies = (
				956E092629FD0D3800133553 /* PBXTargetDependency */,
			);
			name = AdventurePropertyStoreTests;
			productName = AdventurePropertyStoreTests;
			productReference = 956E092429FD0D3800133553 /* AdventurePropertyStoreTests.xctest */;
			productType = "com.apple.product-type.bundle.unit-test";
		};
		956E092D29FD0D3800133553 /* AdventurePropertyStoreUITests */ = {
			isa = PBXNativeTarget;
			buildConfigurationList = 956E093E29FD0D3800133553 /* Build configuration list for PBXNativeTarget "AdventurePropertyStoreUITests" */;
			buildPhases = (
				956E092A29FD0D3800133553 /* Sources */,
				956E092B29FD0D3800133553 /* Frameworks */,
				956E092C29FD0D3800133553 /* Resources */,
			);
			buildRules = (
			);
			dependencies = (
				956E093029FD0D3800133553 /* PBXTargetDependency */,
			);
			name = AdventurePropertyStoreUITests;
			productName = AdventurePropertyStoreUITests;
			productReference = 956E092E29FD0D3800133553 /* AdventurePropertyStoreUITests.xctest */;
			productType = "com.apple.product-type.bundle.ui-testing";
		};
/* End PBXNativeTarget section */

/* Begin PBXProject section */
		956E090629FD0D3700133553 /* Project object */ = {
			isa = PBXProject;
			attributes = {
				BuildIndependentTargetsInParallel = 1;
				LastSwiftUpdateCheck = 1430;
				LastUpgradeCheck = 1430;
				TargetAttributes = {
					956E090D29FD0D3700133553 = {
						CreatedOnToolsVersion = 14.3;
					};
					956E092329FD0D3800133553 = {
						CreatedOnToolsVersion = 14.3;
						TestTargetID = 956E090D29FD0D3700133553;
					};
					956E092D29FD0D3800133553 = {
						CreatedOnToolsVersion = 14.3;
						TestTargetID = 956E090D29FD0D3700133553;
					};
				};
			};
			buildConfigurationList = 956E090929FD0D3700133553 /* Build configuration list for PBXProject "AdventurePropertyStore" */;
			compatibilityVersion = "Xcode 14.0";
			developmentRegion = en;
			hasScannedForEncodings = 0;
			knownRegions = (
				en,
				Base,
			);
			mainGroup = 956E090529FD0D3700133553;
			productRefGroup = 956E090F29FD0D3700133553 /* Products */;
			projectDirPath = "";
			projectRoot = "";
			targets = (
				956E090D29FD0D3700133553 /* AdventurePropertyStore */,
				956E092329FD0D3800133553 /* AdventurePropertyStoreTests */,
				956E092D29FD0D3800133553 /* AdventurePropertyStoreUITests */,
			);
		};
/* End PBXProject section */

/* Begin PBXResourcesBuildPhase section */
		956E090C29FD0D3700133553 /* Resources */ = {
			isa = PBXResourcesBuildPhase;
			buildActionMask = 2147483647;
			files = (
				956E091F29FD0D3800133553 /* Preview Assets.xcassets in Resources */,
				956E091B29FD0D3800133553 /* Assets.xcassets in Resources */,
			);
			runOnlyForDeploymentPostprocessing = 0;
		};
		956E092229FD0D3800133553 /* Resources */ = {
			isa = PBXResourcesBuildPhase;
			buildActionMask = 2147483647;
			files = (
			);
			runOnlyForDeploymentPostprocessing = 0;
		};
		956E092C29FD0D3800133553 /* Resources */ = {
			isa = PBXResourcesBuildPhase;
			buildActionMask = 2147483647;
			files = (
			);
			runOnlyForDeploymentPostprocessing = 0;
		};
/* End PBXResourcesBuildPhase section */

/* Begin PBXSourcesBuildPhase section */
		956E090A29FD0D3700133553 /* Sources */ = {
			isa = PBXSourcesBuildPhase;
			buildActionMask = 2147483647;
			files = (
				956E094D29FD427900133553 /* Description.swift in Sources */,
				956E094F29FF91ED00133553 /* Conditions.swift in Sources */,
				956E094229FD0D7300133553 /* PropertyStore.swift in Sources */,
				956E094629FD109800133553 /* GameEntity.swift in Sources */,
				956E091229FD0D3700133553 /* AdventurePropertyStoreApp.swift in Sources */,
				956E091729FD0D3700133553 /* AdventurePropertyStore.xcdatamodeld in Sources */,
				956E091929FD0D3700133553 /* ContentView.swift in Sources */,
				956E091429FD0D3700133553 /* Persistence.swift in Sources */,
			);
			runOnlyForDeploymentPostprocessing = 0;
		};
		956E092029FD0D3800133553 /* Sources */ = {
			isa = PBXSourcesBuildPhase;
			buildActionMask = 2147483647;
			files = (
				956E095229FF929600133553 /* Conditions.swift in Sources */,
				956E095429FF960600133553 /* DescriptionTest.swift in Sources */,
				956E094829FD28E600133553 /* PropertyStore.swift in Sources */,
				956E094729FD28E200133553 /* GameEntity.swift in Sources */,
				956E095529FF964200133553 /* Description.swift in Sources */,
				95FEBF0F2A0F70AE00303C67 /* File.swift in Sources */,
				956E094B29FD3B7100133553 /* PropertyStoreTest.swift in Sources */,
				956E095129FF923100133553 /* ConditionsTest.swift in Sources */,
			);
			runOnlyForDeploymentPostprocessing = 0;
		};
		956E092A29FD0D3800133553 /* Sources */ = {
			isa = PBXSourcesBuildPhase;
			buildActionMask = 2147483647;
			files = (
				956E093529FD0D3800133553 /* AdventurePropertyStoreUITestsLaunchTests.swift in Sources */,
				956E093329FD0D3800133553 /* AdventurePropertyStoreUITests.swift in Sources */,
			);
			runOnlyForDeploymentPostprocessing = 0;
		};
/* End PBXSourcesBuildPhase section */

/* Begin PBXTargetDependency section */
		956E092629FD0D3800133553 /* PBXTargetDependency */ = {
			isa = PBXTargetDependency;
			target = 956E090D29FD0D3700133553 /* AdventurePropertyStore */;
			targetProxy = 956E092529FD0D3800133553 /* PBXContainerItemProxy */;
		};
		956E093029FD0D3800133553 /* PBXTargetDependency */ = {
			isa = PBXTargetDependency;
			target = 956E090D29FD0D3700133553 /* AdventurePropertyStore */;
			targetProxy = 956E092F29FD0D3800133553 /* PBXContainerItemProxy */;
		};
/* End PBXTargetDependency section */

/* Begin XCBuildConfiguration section */
		956E093629FD0D3800133553 /* Debug */ = {
			isa = XCBuildConfiguration;
			buildSettings = {
				ALWAYS_SEARCH_USER_PATHS = NO;
				CLANG_ANALYZER_NONNULL = YES;
				CLANG_ANALYZER_NUMBER_OBJECT_CONVERSION = YES_AGGRESSIVE;
				CLANG_CXX_LANGUAGE_STANDARD = "gnu++20";
				CLANG_ENABLE_MODULES = YES;
				CLANG_ENABLE_OBJC_ARC = YES;
				CLANG_ENABLE_OBJC_WEAK = YES;
				CLANG_WARN_BLOCK_CAPTURE_AUTORELEASING = YES;
				CLANG_WARN_BOOL_CONVERSION = YES;
				CLANG_WARN_COMMA = YES;
				CLANG_WARN_CONSTANT_CONVERSION = YES;
				CLANG_WARN_DEPRECATED_OBJC_IMPLEMENTATIONS = YES;
				CLANG_WARN_DIRECT_OBJC_ISA_USAGE = YES_ERROR;
				CLANG_WARN_DOCUMENTATION_COMMENTS = YES;
				CLANG_WARN_EMPTY_BODY = YES;
				CLANG_WARN_ENUM_CONVERSION = YES;
				CLANG_WARN_INFINITE_RECURSION = YES;
				CLANG_WARN_INT_CONVERSION = YES;
				CLANG_WARN_NON_LITERAL_NULL_CONVERSION = YES;
				CLANG_WARN_OBJC_IMPLICIT_RETAIN_SELF = YES;
				CLANG_WARN_OBJC_LITERAL_CONVERSION = YES;
				CLANG_WARN_OBJC_ROOT_CLASS = YES_ERROR;
				CLANG_WARN_QUOTED_INCLUDE_IN_FRAMEWORK_HEADER = YES;
				CLANG_WARN_RANGE_LOOP_ANALYSIS = YES;
				CLANG_WARN_STRICT_PROTOTYPES = YES;
				CLANG_WARN_SUSPICIOUS_MOVE = YES;
				CLANG_WARN_UNGUARDED_AVAILABILITY = YES_AGGRESSIVE;
				CLANG_WARN_UNREACHABLE_CODE = YES;
				CLANG_WARN__DUPLICATE_METHOD_MATCH = YES;
				COPY_PHASE_STRIP = NO;
				DEBUG_INFORMATION_FORMAT = dwarf;
				ENABLE_STRICT_OBJC_MSGSEND = YES;
				ENABLE_TESTABILITY = YES;
				GCC_C_LANGUAGE_STANDARD = gnu11;
				GCC_DYNAMIC_NO_PIC = NO;
				GCC_NO_COMMON_BLOCKS = YES;
				GCC_OPTIMIZATION_LEVEL = 0;
				GCC_PREPROCESSOR_DEFINITIONS = (
					"DEBUG=1",
					"$(inherited)",
				);
				GCC_WARN_64_TO_32_BIT_CONVERSION = YES;
				GCC_WARN_ABOUT_RETURN_TYPE = YES_ERROR;
				GCC_WARN_UNDECLARED_SELECTOR = YES;
				GCC_WARN_UNINITIALIZED_AUTOS = YES_AGGRESSIVE;
				GCC_WARN_UNUSED_FUNCTION = YES;
				GCC_WARN_UNUSED_VARIABLE = YES;
				MTL_ENABLE_DEBUG_INFO = INCLUDE_SOURCE;
				MTL_FAST_MATH = YES;
				ONLY_ACTIVE_ARCH = YES;
				SWIFT_ACTIVE_COMPILATION_CONDITIONS = DEBUG;
				SWIFT_OPTIMIZATION_LEVEL = "-Onone";
			};
			name = Debug;
		};
		956E093729FD0D3800133553 /* Release */ = {
			isa = XCBuildConfiguration;
			buildSettings = {
				ALWAYS_SEARCH_USER_PATHS = NO;
				CLANG_ANALYZER_NONNULL = YES;
				CLANG_ANALYZER_NUMBER_OBJECT_CONVERSION = YES_AGGRESSIVE;
				CLANG_CXX_LANGUAGE_STANDARD = "gnu++20";
				CLANG_ENABLE_MODULES = YES;
				CLANG_ENABLE_OBJC_ARC = YES;
				CLANG_ENABLE_OBJC_WEAK = YES;
				CLANG_WARN_BLOCK_CAPTURE_AUTORELEASING = YES;
				CLANG_WARN_BOOL_CONVERSION = YES;
				CLANG_WARN_COMMA = YES;
				CLANG_WARN_CONSTANT_CONVERSION = YES;
				CLANG_WARN_DEPRECATED_OBJC_IMPLEMENTATIONS = YES;
				CLANG_WARN_DIRECT_OBJC_ISA_USAGE = YES_ERROR;
				CLANG_WARN_DOCUMENTATION_COMMENTS = YES;
				CLANG_WARN_EMPTY_BODY = YES;
				CLANG_WARN_ENUM_CONVERSION = YES;
				CLANG_WARN_INFINITE_RECURSION = YES;
				CLANG_WARN_INT_CONVERSION = YES;
				CLANG_WARN_NON_LITERAL_NULL_CONVERSION = YES;
				CLANG_WARN_OBJC_IMPLICIT_RETAIN_SELF = YES;
				CLANG_WARN_OBJC_LITERAL_CONVERSION = YES;
				CLANG_WARN_OBJC_ROOT_CLASS = YES_ERROR;
				CLANG_WARN_QUOTED_INCLUDE_IN_FRAMEWORK_HEADER = YES;
				CLANG_WARN_RANGE_LOOP_ANALYSIS = YES;
				CLANG_WARN_STRICT_PROTOTYPES = YES;
				CLANG_WARN_SUSPICIOUS_MOVE = YES;
				CLANG_WARN_UNGUARDED_AVAILABILITY = YES_AGGRESSIVE;
				CLANG_WARN_UNREACHABLE_CODE = YES;
				CLANG_WARN__DUPLICATE_METHOD_MATCH = YES;
				COPY_PHASE_STRIP = NO;
				DEBUG_INFORMATION_FORMAT = "dwarf-with-dsym";
				ENABLE_NS_ASSERTIONS = NO;
				ENABLE_STRICT_OBJC_MSGSEND = YES;
				GCC_C_LANGUAGE_STANDARD = gnu11;
				GCC_NO_COMMON_BLOCKS = YES;
				GCC_WARN_64_TO_32_BIT_CONVERSION = YES;
				GCC_WARN_ABOUT_RETURN_TYPE = YES_ERROR;
				GCC_WARN_UNDECLARED_SELECTOR = YES;
				GCC_WARN_UNINITIALIZED_AUTOS = YES_AGGRESSIVE;
				GCC_WARN_UNUSED_FUNCTION = YES;
				GCC_WARN_UNUSED_VARIABLE = YES;
				MTL_ENABLE_DEBUG_INFO = NO;
				MTL_FAST_MATH = YES;
				SWIFT_COMPILATION_MODE = wholemodule;
				SWIFT_OPTIMIZATION_LEVEL = "-O";
			};
			name = Release;
		};
		956E093929FD0D3800133553 /* Debug */ = {
			isa = XCBuildConfiguration;
			buildSettings = {
				ASSETCATALOG_COMPILER_APPICON_NAME = AppIcon;
				ASSETCATALOG_COMPILER_GLOBAL_ACCENT_COLOR_NAME = AccentColor;
				CODE_SIGN_ENTITLEMENTS = AdventurePropertyStore/AdventurePropertyStore.entitlements;
				CODE_SIGN_STYLE = Automatic;
				CURRENT_PROJECT_VERSION = 1;
				DEVELOPMENT_ASSET_PATHS = "\"AdventurePropertyStore/Preview Content\"";
				ENABLE_PREVIEWS = YES;
				GENERATE_INFOPLIST_FILE = YES;
				"INFOPLIST_KEY_UIApplicationSceneManifest_Generation[sdk=iphoneos*]" = YES;
				"INFOPLIST_KEY_UIApplicationSceneManifest_Generation[sdk=iphonesimulator*]" = YES;
				"INFOPLIST_KEY_UIApplicationSupportsIndirectInputEvents[sdk=iphoneos*]" = YES;
				"INFOPLIST_KEY_UIApplicationSupportsIndirectInputEvents[sdk=iphonesimulator*]" = YES;
				"INFOPLIST_KEY_UILaunchScreen_Generation[sdk=iphoneos*]" = YES;
				"INFOPLIST_KEY_UILaunchScreen_Generation[sdk=iphonesimulator*]" = YES;
				"INFOPLIST_KEY_UIStatusBarStyle[sdk=iphoneos*]" = UIStatusBarStyleDefault;
				"INFOPLIST_KEY_UIStatusBarStyle[sdk=iphonesimulator*]" = UIStatusBarStyleDefault;
				INFOPLIST_KEY_UISupportedInterfaceOrientations_iPad = "UIInterfaceOrientationPortrait UIInterfaceOrientationPortraitUpsideDown UIInterfaceOrientationLandscapeLeft UIInterfaceOrientationLandscapeRight";
				INFOPLIST_KEY_UISupportedInterfaceOrientations_iPhone = "UIInterfaceOrientationPortrait UIInterfaceOrientationLandscapeLeft UIInterfaceOrientationLandscapeRight";
				IPHONEOS_DEPLOYMENT_TARGET = 16.4;
				LD_RUNPATH_SEARCH_PATHS = "@executable_path/Frameworks";
				"LD_RUNPATH_SEARCH_PATHS[sdk=macosx*]" = "@executable_path/../Frameworks";
				MACOSX_DEPLOYMENT_TARGET = 13.3;
				MARKETING_VERSION = 1.0;
				PRODUCT_BUNDLE_IDENTIFIER = drewing.AdventurePropertyStore;
				PRODUCT_NAME = "$(TARGET_NAME)";
				SDKROOT = auto;
				SUPPORTED_PLATFORMS = "iphoneos iphonesimulator macosx";
				SWIFT_EMIT_LOC_STRINGS = YES;
				SWIFT_VERSION = 5.0;
				TARGETED_DEVICE_FAMILY = "1,2";
			};
			name = Debug;
		};
		956E093A29FD0D3800133553 /* Release */ = {
			isa = XCBuildConfiguration;
			buildSettings = {
				ASSETCATALOG_COMPILER_APPICON_NAME = AppIcon;
				ASSETCATALOG_COMPILER_GLOBAL_ACCENT_COLOR_NAME = AccentColor;
				CODE_SIGN_ENTITLEMENTS = AdventurePropertyStore/AdventurePropertyStore.entitlements;
				CODE_SIGN_STYLE = Automatic;
				CURRENT_PROJECT_VERSION = 1;
				DEVELOPMENT_ASSET_PATHS = "\"AdventurePropertyStore/Preview Content\"";
				ENABLE_PREVIEWS = YES;
				GENERATE_INFOPLIST_FILE = YES;
				"INFOPLIST_KEY_UIApplicationSceneManifest_Generation[sdk=iphoneos*]" = YES;
				"INFOPLIST_KEY_UIApplicationSceneManifest_Generation[sdk=iphonesimulator*]" = YES;
				"INFOPLIST_KEY_UIApplicationSupportsIndirectInputEvents[sdk=iphoneos*]" = YES;
				"INFOPLIST_KEY_UIApplicationSupportsIndirectInputEvents[sdk=iphonesimulator*]" = YES;
				"INFOPLIST_KEY_UILaunchScreen_Generation[sdk=iphoneos*]" = YES;
				"INFOPLIST_KEY_UILaunchScreen_Generation[sdk=iphonesimulator*]" = YES;
				"INFOPLIST_KEY_UIStatusBarStyle[sdk=iphoneos*]" = UIStatusBarStyleDefault;
				"INFOPLIST_KEY_UIStatusBarStyle[sdk=iphonesimulator*]" = UIStatusBarStyleDefault;
				INFOPLIST_KEY_UISupportedInterfaceOrientations_iPad = "UIInterfaceOrientationPortrait UIInterfaceOrientationPortraitUpsideDown UIInterfaceOrientationLandscapeLeft UIInterfaceOrientationLandscapeRight";
				INFOPLIST_KEY_UISupportedInterfaceOrientations_iPhone = "UIInterfaceOrientationPortrait UIInterfaceOrientationLandscapeLeft UIInterfaceOrientationLandscapeRight";
				IPHONEOS_DEPLOYMENT_TARGET = 16.4;
				LD_RUNPATH_SEARCH_PATHS = "@executable_path/Frameworks";
				"LD_RUNPATH_SEARCH_PATHS[sdk=macosx*]" = "@executable_path/../Frameworks";
				MACOSX_DEPLOYMENT_TARGET = 13.3;
				MARKETING_VERSION = 1.0;
				PRODUCT_BUNDLE_IDENTIFIER = drewing.AdventurePropertyStore;
				PRODUCT_NAME = "$(TARGET_NAME)";
				SDKROOT = auto;
				SUPPORTED_PLATFORMS = "iphoneos iphonesimulator macosx";
				SWIFT_EMIT_LOC_STRINGS = YES;
				SWIFT_VERSION = 5.0;
				TARGETED_DEVICE_FAMILY = "1,2";
			};
			name = Release;
		};
		956E093C29FD0D3800133553 /* Debug */ = {
			isa = XCBuildConfiguration;
			buildSettings = {
				ALWAYS_EMBED_SWIFT_STANDARD_LIBRARIES = YES;
				BUNDLE_LOADER = "$(TEST_HOST)";
				CODE_SIGN_STYLE = Automatic;
				CURRENT_PROJECT_VERSION = 1;
				GENERATE_INFOPLIST_FILE = YES;
				IPHONEOS_DEPLOYMENT_TARGET = 16.4;
				MACOSX_DEPLOYMENT_TARGET = 13.3;
				MARKETING_VERSION = 1.0;
				PRODUCT_BUNDLE_IDENTIFIER = drewing.AdventurePropertyStoreTests;
				PRODUCT_NAME = "$(TARGET_NAME)";
				SDKROOT = auto;
				SUPPORTED_PLATFORMS = "iphoneos iphonesimulator macosx";
				SWIFT_EMIT_LOC_STRINGS = NO;
				SWIFT_VERSION = 5.0;
				TARGETED_DEVICE_FAMILY = "1,2";
				TEST_HOST = "$(BUILT_PRODUCTS_DIR)/AdventurePropertyStore.app/$(BUNDLE_EXECUTABLE_FOLDER_PATH)/AdventurePropertyStore";
			};
			name = Debug;
		};
		956E093D29FD0D3800133553 /* Release */ = {
			isa = XCBuildConfiguration;
			buildSettings = {
				ALWAYS_EMBED_SWIFT_STANDARD_LIBRARIES = YES;
				BUNDLE_LOADER = "$(TEST_HOST)";
				CODE_SIGN_STYLE = Automatic;
				CURRENT_PROJECT_VERSION = 1;
				GENERATE_INFOPLIST_FILE = YES;
				IPHONEOS_DEPLOYMENT_TARGET = 16.4;
				MACOSX_DEPLOYMENT_TARGET = 13.3;
				MARKETING_VERSION = 1.0;
				PRODUCT_BUNDLE_IDENTIFIER = drewing.AdventurePropertyStoreTests;
				PRODUCT_NAME = "$(TARGET_NAME)";
				SDKROOT = auto;
				SUPPORTED_PLATFORMS = "iphoneos iphonesimulator macosx";
				SWIFT_EMIT_LOC_STRINGS = NO;
				SWIFT_VERSION = 5.0;
				TARGETED_DEVICE_FAMILY = "1,2";
				TEST_HOST = "$(BUILT_PRODUCTS_DIR)/AdventurePropertyStore.app/$(BUNDLE_EXECUTABLE_FOLDER_PATH)/AdventurePropertyStore";
			};
			name = Release;
		};
		956E093F29FD0D3800133553 /* Debug */ = {
			isa = XCBuildConfiguration;
			buildSettings = {
				ALWAYS_EMBED_SWIFT_STANDARD_LIBRARIES = YES;
				CODE_SIGN_STYLE = Automatic;
				CURRENT_PROJECT_VERSION = 1;
				GENERATE_INFOPLIST_FILE = YES;
				IPHONEOS_DEPLOYMENT_TARGET = 16.4;
				MACOSX_DEPLOYMENT_TARGET = 13.3;
				MARKETING_VERSION = 1.0;
				PRODUCT_BUNDLE_IDENTIFIER = drewing.AdventurePropertyStoreUITests;
				PRODUCT_NAME = "$(TARGET_NAME)";
				SDKROOT = auto;
				SUPPORTED_PLATFORMS = "iphoneos iphonesimulator macosx";
				SWIFT_EMIT_LOC_STRINGS = NO;
				SWIFT_VERSION = 5.0;
				TARGETED_DEVICE_FAMILY = "1,2";
				TEST_TARGET_NAME = AdventurePropertyStore;
			};
			name = Debug;
		};
		956E094029FD0D3800133553 /* Release */ = {
			isa = XCBuildConfiguration;
			buildSettings = {
				ALWAYS_EMBED_SWIFT_STANDARD_LIBRARIES = YES;
				CODE_SIGN_STYLE = Automatic;
				CURRENT_PROJECT_VERSION = 1;
				GENERATE_INFOPLIST_FILE = YES;
				IPHONEOS_DEPLOYMENT_TARGET = 16.4;
				MACOSX_DEPLOYMENT_TARGET = 13.3;
				MARKETING_VERSION = 1.0;
				PRODUCT_BUNDLE_IDENTIFIER = drewing.AdventurePropertyStoreUITests;
				PRODUCT_NAME = "$(TARGET_NAME)";
				SDKROOT = auto;
				SUPPORTED_PLATFORMS = "iphoneos iphonesimulator macosx";
				SWIFT_EMIT_LOC_STRINGS = NO;
				SWIFT_VERSION = 5.0;
				TARGETED_DEVICE_FAMILY = "1,2";
				TEST_TARGET_NAME = AdventurePropertyStore;
			};
			name = Release;
		};
/* End XCBuildConfiguration section */

/* Begin XCConfigurationList section */
		956E090929FD0D3700133553 /* Build configuration list for PBXProject "AdventurePropertyStore" */ = {
			isa = XCConfigurationList;
			buildConfigurations = (
				956E093629FD0D3800133553 /* Debug */,
				956E093729FD0D3800133553 /* Release */,
			);
			defaultConfigurationIsVisible = 0;
			defaultConfigurationName = Release;
		};
		956E093829FD0D3800133553 /* Build configuration list for PBXNativeTarget "AdventurePropertyStore" */ = {
			isa = XCConfigurationList;
			buildConfigurations = (
				956E093929FD0D3800133553 /* Debug */,
				956E093A29FD0D3800133553 /* Release */,
			);
			defaultConfigurationIsVisible = 0;
			defaultConfigurationName = Release;
		};
		956E093B29FD0D3800133553 /* Build configuration list for PBXNativeTarget "AdventurePropertyStoreTests" */ = {
			isa = XCConfigurationList;
			buildConfigurations = (
				956E093C29FD0D3800133553 /* Debug */,
				956E093D29FD0D3800133553 /* Release */,
			);
			defaultConfigurationIsVisible = 0;
			defaultConfigurationName = Release;
		};
		956E093E29FD0D3800133553 /* Build configuration list for PBXNativeTarget "AdventurePropertyStoreUITests" */ = {
			isa = XCConfigurationList;
			buildConfigurations = (
				956E093F29FD0D3800133553 /* Debug */,
				956E094029FD0D3800133553 /* Release */,
			);
			defaultConfigurationIsVisible = 0;
			defaultConfigurationName = Release;
		};
/* End XCConfigurationList section */

/* Begin XCVersionGroup section */
		956E091529FD0D3700133553 /* AdventurePropertyStore.xcdatamodeld */ = {
			isa = XCVersionGroup;
			children = (
				956E091629FD0D3700133553 /* AdventurePropertyStore.xcdatamodel */,
			);
			currentVersion = 956E091629FD0D3700133553 /* AdventurePropertyStore.xcdatamodel */;
			path = AdventurePropertyStore.xcdatamodeld;
			sourceTree = "<group>";
			versionGroupType = wrapper.xcdatamodel;
		};
/* End XCVersionGroup section */
	};
	rootObject = 956E090629FD0D3700133553 /* Project object */;
}
